
Microsoft Visual Studio Solution File, Format Version 12.00
# Visual Studio Version 16
VisualStudioVersion = 16.0.31911.196
MinimumVisualStudioVersion = 10.0.40219.1
Project("{8BC9CEB8-8B4A-11D0-8D11-00A0C91BC942}") = "TList", "TList.vcxproj", "{864B4C68-5575-40F1-84A3-D19382492512}"
EndProject
Project("{8BC9CEB8-8B4A-11D0-8D11-00A0C91BC942}") = "Tests", "Tests\Tests.vcxproj", "{8304505E-8225-4C97-A470-01BBFD297AD9}"
EndProject
Global
	GlobalSection(SolutionConfigurationPlatforms) = preSolution
		Debug|x64 = Debug|x64
		Debug|x86 = Debug|x86
		Release|x64 = Release|x64
		Release|x86 = Release|x86
	EndGlobalSection
	GlobalSection(ProjectConfigurationPlatforms) = postSolution
		{864B4C68-5575-40F1-84A3-D19382492512}.Debug|x64.ActiveCfg = Debug|x64
		{864B4C68-5575-40F1-84A3-D19382492512}.Debug|x64.Build.0 = Debug|x64
		{864B4C68-5575-40F1-84A3-D19382492512}.Debug|x86.ActiveCfg = Debug|Win32
		{864B4C68-5575-40F1-84A3-D19382492512}.Debug|x86.Build.0 = Debug|Win32
		{864B4C68-5575-40F1-84A3-D19382492512}.Release|x64.ActiveCfg = Release|x64
		{864B4C68-5575-40F1-84A3-D19382492512}.Release|x64.Build.0 = Release|x64
		{864B4C68-5575-40F1-84A3-D19382492512}.Release|x86.ActiveCfg = Release|Win32
		{864B4C68-5575-40F1-84A3-D19382492512}.Release|x86.Build.0 = Release|Win32
		{8304505E-8225-4C97-A470-01BBFD297AD9}.Debug|x64.ActiveCfg = Debug|x64
		{8304505E-8225-4C97-A470-01BBFD297AD9}.Debug|x64.Build.0 = Debug|x64
		{8304505E-8225-4C97-A470-01BBFD297AD9}.Debug|x86.ActiveCfg = Debug|Win32
		{8304505E-8225-4C97-A470-01BBFD297AD9}.Debug|x86.Build.0 = Debug|Win32
		{8304505E-8225-4C97-A470-01BBFD297AD9}.Release|x64.ActiveCfg = Release|x64
		{8304505E-8225-4C97-A470-01BBFD297AD9}.Release|x64.Build.0 = Release|x64
		{8304505E-8225-4C97-A470-01BBFD297AD9}.Release|x86.ActiveCfg = Release|Win32
		{8304505E-8225-4C97-A470-01BBFD297AD9}.Release|x86.Build.0 = Release|Win32
	EndGlobalSection
	GlobalSection(SolutionProperties) = preSolution
		HideSolutionNode = FALSE
	EndGlobalSection
	GlobalSection(ExtensibilityGlobals) = postSolution
		SolutionGuid = {84C4D6AE-0E4F-4AB6-BC95-71C294FF5590}
	EndGlobalSection
EndGlobal
